// !$*UTF8*$!
{
	archiveVersion = 1;
	classes = {
	};
	objectVersion = 46;
	objects = {

/* Begin PBXBuildFile section */
		9021E5041D4D3EDB0082DB48 /* main.cpp in Sources */ = {isa = PBXBuildFile; fileRef = 9021E5031D4D3EDB0082DB48 /* main.cpp */; };
		9021E50F1D4D41940082DB48 /* VectorTest.cpp in Sources */ = {isa = PBXBuildFile; fileRef = 9021E50D1D4D41940082DB48 /* VectorTest.cpp */; };
		9021E5121D4D457C0082DB48 /* Vector.hpp in Sources */ = {isa = PBXBuildFile; fileRef = 903D2A4D1D1F3D8C00BE4A04 /* Vector.hpp */; };
		9021E5151D4D4AB70082DB48 /* libgtest.a in Frameworks */ = {isa = PBXBuildFile; fileRef = 9021E5141D4D4AB70082DB48 /* libgtest.a */; };
		9021E5191D4DC4C90082DB48 /* SphereTest.cpp in Sources */ = {isa = PBXBuildFile; fileRef = 9021E5181D4DC4C90082DB48 /* SphereTest.cpp */; };
		9021E51B1D4E9AF10082DB48 /* LightTest.cpp in Sources */ = {isa = PBXBuildFile; fileRef = 9021E51A1D4E9AF10082DB48 /* LightTest.cpp */; };
		9021E51C1D4E9D490082DB48 /* Sphere.hpp in Sources */ = {isa = PBXBuildFile; fileRef = 903D2A4B1D1F3D8C00BE4A04 /* Sphere.hpp */; };
		9021E51D1D4E9D490082DB48 /* Ray.hpp in Sources */ = {isa = PBXBuildFile; fileRef = 903D2A431D1F3D8C00BE4A04 /* Ray.hpp */; };
		9021E51E1D4E9D640082DB48 /* Sphere.cpp in Sources */ = {isa = PBXBuildFile; fileRef = 903D2A4A1D1F3D8C00BE4A04 /* Sphere.cpp */; };
		9021E51F1D4E9D640082DB48 /* Vector.cpp in Sources */ = {isa = PBXBuildFile; fileRef = 903D2A4C1D1F3D8C00BE4A04 /* Vector.cpp */; };
		9021E5201D4E9D640082DB48 /* Ray.cpp in Sources */ = {isa = PBXBuildFile; fileRef = 903D2A421D1F3D8C00BE4A04 /* Ray.cpp */; };
		9021E5211D4E9D730082DB48 /* Material.cpp in Sources */ = {isa = PBXBuildFile; fileRef = 903D2A401D1F3D8C00BE4A04 /* Material.cpp */; };
		9021E5221D4E9D730082DB48 /* Material.hpp in Sources */ = {isa = PBXBuildFile; fileRef = 903D2A411D1F3D8C00BE4A04 /* Material.hpp */; };
		9021E5231D4E9D7B0082DB48 /* Color.cpp in Sources */ = {isa = PBXBuildFile; fileRef = 903D2A371D1F3D8C00BE4A04 /* Color.cpp */; };
		9021E5241D4E9D7B0082DB48 /* Color.hpp in Sources */ = {isa = PBXBuildFile; fileRef = 903D2A381D1F3D8C00BE4A04 /* Color.hpp */; };
		903D2A0C1D1F3D3A00BE4A04 /* main.cpp in Sources */ = {isa = PBXBuildFile; fileRef = 903D2A0B1D1F3D3A00BE4A04 /* main.cpp */; };
		903D2A4E1D1F3D8C00BE4A04 /* Color.cpp in Sources */ = {isa = PBXBuildFile; fileRef = 903D2A371D1F3D8C00BE4A04 /* Color.cpp */; };
		903D2A4F1D1F3D8C00BE4A04 /* InputHandler.cpp in Sources */ = {isa = PBXBuildFile; fileRef = 903D2A3A1D1F3D8C00BE4A04 /* InputHandler.cpp */; };
		903D2A501D1F3D8C00BE4A04 /* InputHandlerWrapper.cpp in Sources */ = {isa = PBXBuildFile; fileRef = 903D2A3C1D1F3D8C00BE4A04 /* InputHandlerWrapper.cpp */; };
		903D2A511D1F3D8C00BE4A04 /* Light.cpp in Sources */ = {isa = PBXBuildFile; fileRef = 903D2A3E1D1F3D8C00BE4A04 /* Light.cpp */; };
		903D2A521D1F3D8C00BE4A04 /* Material.cpp in Sources */ = {isa = PBXBuildFile; fileRef = 903D2A401D1F3D8C00BE4A04 /* Material.cpp */; };
		903D2A531D1F3D8C00BE4A04 /* Ray.cpp in Sources */ = {isa = PBXBuildFile; fileRef = 903D2A421D1F3D8C00BE4A04 /* Ray.cpp */; };
		903D2A541D1F3D8C00BE4A04 /* Renderer.cpp in Sources */ = {isa = PBXBuildFile; fileRef = 903D2A441D1F3D8C00BE4A04 /* Renderer.cpp */; };
		903D2A561D1F3D8C00BE4A04 /* Scene.cpp in Sources */ = {isa = PBXBuildFile; fileRef = 903D2A471D1F3D8C00BE4A04 /* Scene.cpp */; };
		903D2A571D1F3D8C00BE4A04 /* Sphere.cpp in Sources */ = {isa = PBXBuildFile; fileRef = 903D2A4A1D1F3D8C00BE4A04 /* Sphere.cpp */; };
		903D2A581D1F3D8C00BE4A04 /* Vector.cpp in Sources */ = {isa = PBXBuildFile; fileRef = 903D2A4C1D1F3D8C00BE4A04 /* Vector.cpp */; };
		903D2A621D1F3E7900BE4A04 /* Camera.cpp in Sources */ = {isa = PBXBuildFile; fileRef = 903D2A601D1F3E7900BE4A04 /* Camera.cpp */; };
		903D2A631D1F520D00BE4A04 /* OpenGL.framework in Frameworks */ = {isa = PBXBuildFile; fileRef = 903D2A5B1D1F3DB000BE4A04 /* OpenGL.framework */; };
		903D2A6A1D31BC8D00BE4A04 /* libglfw.3.2.dylib in Frameworks */ = {isa = PBXBuildFile; fileRef = 903D2A691D31BC8D00BE4A04 /* libglfw.3.2.dylib */; };
/* End PBXBuildFile section */

/* Begin PBXContainerItemProxy section */
		9021E5161D4D629D0082DB48 /* PBXContainerItemProxy */ = {
			isa = PBXContainerItemProxy;
			containerPortal = 903D2A001D1F3D3A00BE4A04 /* Project object */;
			proxyType = 1;
			remoteGlobalIDString = 903D2A071D1F3D3A00BE4A04;
			remoteInfo = "Ray Tracer";
		};
/* End PBXContainerItemProxy section */

/* Begin PBXCopyFilesBuildPhase section */
		9021E4FF1D4D3EDB0082DB48 /* CopyFiles */ = {
			isa = PBXCopyFilesBuildPhase;
			buildActionMask = 2147483647;
			dstPath = /usr/share/man/man1/;
			dstSubfolderSpec = 0;
			files = (
			);
			runOnlyForDeploymentPostprocessing = 1;
		};
		903D2A061D1F3D3A00BE4A04 /* CopyFiles */ = {
			isa = PBXCopyFilesBuildPhase;
			buildActionMask = 2147483647;
			dstPath = /usr/share/man/man1/;
			dstSubfolderSpec = 0;
			files = (
			);
			runOnlyForDeploymentPostprocessing = 1;
		};
/* End PBXCopyFilesBuildPhase section */

/* Begin PBXFileReference section */
		9021E5011D4D3EDB0082DB48 /* Ray Tracer Test */ = {isa = PBXFileReference; explicitFileType = "compiled.mach-o.executable"; includeInIndex = 0; path = "Ray Tracer Test"; sourceTree = BUILT_PRODUCTS_DIR; };
		9021E5031D4D3EDB0082DB48 /* main.cpp */ = {isa = PBXFileReference; lastKnownFileType = sourcecode.cpp.cpp; path = main.cpp; sourceTree = "<group>"; };
		9021E50D1D4D41940082DB48 /* VectorTest.cpp */ = {isa = PBXFileReference; fileEncoding = 4; lastKnownFileType = sourcecode.cpp.cpp; path = VectorTest.cpp; sourceTree = "<group>"; };
		9021E5141D4D4AB70082DB48 /* libgtest.a */ = {isa = PBXFileReference; lastKnownFileType = archive.ar; name = libgtest.a; path = ../../../../usr/local/lib/libgtest.a; sourceTree = "<group>"; };
		9021E5181D4DC4C90082DB48 /* SphereTest.cpp */ = {isa = PBXFileReference; fileEncoding = 4; lastKnownFileType = sourcecode.cpp.cpp; path = SphereTest.cpp; sourceTree = "<group>"; };
		9021E51A1D4E9AF10082DB48 /* LightTest.cpp */ = {isa = PBXFileReference; fileEncoding = 4; lastKnownFileType = sourcecode.cpp.cpp; path = LightTest.cpp; sourceTree = "<group>"; };
		903D2A081D1F3D3A00BE4A04 /* Ray Tracer */ = {isa = PBXFileReference; explicitFileType = "compiled.mach-o.executable"; includeInIndex = 0; path = "Ray Tracer"; sourceTree = BUILT_PRODUCTS_DIR; };
		903D2A0B1D1F3D3A00BE4A04 /* main.cpp */ = {isa = PBXFileReference; lastKnownFileType = sourcecode.cpp.cpp; path = main.cpp; sourceTree = "<group>"; };
		903D2A371D1F3D8C00BE4A04 /* Color.cpp */ = {isa = PBXFileReference; fileEncoding = 4; lastKnownFileType = sourcecode.cpp.cpp; path = Color.cpp; sourceTree = "<group>"; };
		903D2A381D1F3D8C00BE4A04 /* Color.hpp */ = {isa = PBXFileReference; fileEncoding = 4; lastKnownFileType = sourcecode.cpp.h; path = Color.hpp; sourceTree = "<group>"; };
		903D2A391D1F3D8C00BE4A04 /* Common.h */ = {isa = PBXFileReference; fileEncoding = 4; lastKnownFileType = sourcecode.c.h; path = Common.h; sourceTree = "<group>"; };
		903D2A3A1D1F3D8C00BE4A04 /* InputHandler.cpp */ = {isa = PBXFileReference; fileEncoding = 4; lastKnownFileType = sourcecode.cpp.cpp; path = InputHandler.cpp; sourceTree = "<group>"; };
		903D2A3B1D1F3D8C00BE4A04 /* InputHandler.hpp */ = {isa = PBXFileReference; fileEncoding = 4; lastKnownFileType = sourcecode.cpp.h; path = InputHandler.hpp; sourceTree = "<group>"; };
		903D2A3C1D1F3D8C00BE4A04 /* InputHandlerWrapper.cpp */ = {isa = PBXFileReference; fileEncoding = 4; lastKnownFileType = sourcecode.cpp.cpp; path = InputHandlerWrapper.cpp; sourceTree = "<group>"; };
		903D2A3D1D1F3D8C00BE4A04 /* InputHandlerWrapper.hpp */ = {isa = PBXFileReference; fileEncoding = 4; lastKnownFileType = sourcecode.cpp.h; path = InputHandlerWrapper.hpp; sourceTree = "<group>"; };
		903D2A3E1D1F3D8C00BE4A04 /* Light.cpp */ = {isa = PBXFileReference; fileEncoding = 4; lastKnownFileType = sourcecode.cpp.cpp; path = Light.cpp; sourceTree = "<group>"; };
		903D2A3F1D1F3D8C00BE4A04 /* Light.hpp */ = {isa = PBXFileReference; fileEncoding = 4; lastKnownFileType = sourcecode.cpp.h; path = Light.hpp; sourceTree = "<group>"; };
		903D2A401D1F3D8C00BE4A04 /* Material.cpp */ = {isa = PBXFileReference; fileEncoding = 4; lastKnownFileType = sourcecode.cpp.cpp; path = Material.cpp; sourceTree = "<group>"; };
		903D2A411D1F3D8C00BE4A04 /* Material.hpp */ = {isa = PBXFileReference; fileEncoding = 4; lastKnownFileType = sourcecode.cpp.h; path = Material.hpp; sourceTree = "<group>"; };
		903D2A421D1F3D8C00BE4A04 /* Ray.cpp */ = {isa = PBXFileReference; fileEncoding = 4; lastKnownFileType = sourcecode.cpp.cpp; path = Ray.cpp; sourceTree = "<group>"; };
		903D2A431D1F3D8C00BE4A04 /* Ray.hpp */ = {isa = PBXFileReference; fileEncoding = 4; lastKnownFileType = sourcecode.cpp.h; path = Ray.hpp; sourceTree = "<group>"; };
		903D2A441D1F3D8C00BE4A04 /* Renderer.cpp */ = {isa = PBXFileReference; fileEncoding = 4; lastKnownFileType = sourcecode.cpp.cpp; path = Renderer.cpp; sourceTree = "<group>"; };
		903D2A451D1F3D8C00BE4A04 /* Renderer.hpp */ = {isa = PBXFileReference; fileEncoding = 4; lastKnownFileType = sourcecode.cpp.h; path = Renderer.hpp; sourceTree = "<group>"; };
		903D2A471D1F3D8C00BE4A04 /* Scene.cpp */ = {isa = PBXFileReference; fileEncoding = 4; lastKnownFileType = sourcecode.cpp.cpp; path = Scene.cpp; sourceTree = "<group>"; };
		903D2A481D1F3D8C00BE4A04 /* Scene.hpp */ = {isa = PBXFileReference; fileEncoding = 4; lastKnownFileType = sourcecode.cpp.h; path = Scene.hpp; sourceTree = "<group>"; };
		903D2A491D1F3D8C00BE4A04 /* Shape.hpp */ = {isa = PBXFileReference; fileEncoding = 4; lastKnownFileType = sourcecode.cpp.h; path = Shape.hpp; sourceTree = "<group>"; };
		903D2A4A1D1F3D8C00BE4A04 /* Sphere.cpp */ = {isa = PBXFileReference; fileEncoding = 4; lastKnownFileType = sourcecode.cpp.cpp; path = Sphere.cpp; sourceTree = "<group>"; };
		903D2A4B1D1F3D8C00BE4A04 /* Sphere.hpp */ = {isa = PBXFileReference; fileEncoding = 4; lastKnownFileType = sourcecode.cpp.h; path = Sphere.hpp; sourceTree = "<group>"; };
		903D2A4C1D1F3D8C00BE4A04 /* Vector.cpp */ = {isa = PBXFileReference; fileEncoding = 4; lastKnownFileType = sourcecode.cpp.cpp; path = Vector.cpp; sourceTree = "<group>"; };
		903D2A4D1D1F3D8C00BE4A04 /* Vector.hpp */ = {isa = PBXFileReference; fileEncoding = 4; lastKnownFileType = sourcecode.cpp.h; path = Vector.hpp; sourceTree = "<group>"; };
		903D2A5B1D1F3DB000BE4A04 /* OpenGL.framework */ = {isa = PBXFileReference; lastKnownFileType = wrapper.framework; name = OpenGL.framework; path = System/Library/Frameworks/OpenGL.framework; sourceTree = SDKROOT; };
		903D2A601D1F3E7900BE4A04 /* Camera.cpp */ = {isa = PBXFileReference; fileEncoding = 4; lastKnownFileType = sourcecode.cpp.cpp; path = Camera.cpp; sourceTree = "<group>"; };
		903D2A611D1F3E7900BE4A04 /* Camera.hpp */ = {isa = PBXFileReference; fileEncoding = 4; lastKnownFileType = sourcecode.cpp.h; path = Camera.hpp; sourceTree = "<group>"; };
		903D2A691D31BC8D00BE4A04 /* libglfw.3.2.dylib */ = {isa = PBXFileReference; lastKnownFileType = "compiled.mach-o.dylib"; name = libglfw.3.2.dylib; path = ../../../../usr/local/lib/libglfw.3.2.dylib; sourceTree = "<group>"; };
/* End PBXFileReference section */

/* Begin PBXFrameworksBuildPhase section */
		9021E4FE1D4D3EDB0082DB48 /* Frameworks */ = {
			isa = PBXFrameworksBuildPhase;
			buildActionMask = 2147483647;
			files = (
				9021E5151D4D4AB70082DB48 /* libgtest.a in Frameworks */,
			);
			runOnlyForDeploymentPostprocessing = 0;
		};
		903D2A051D1F3D3A00BE4A04 /* Frameworks */ = {
			isa = PBXFrameworksBuildPhase;
			buildActionMask = 2147483647;
			files = (
				903D2A6A1D31BC8D00BE4A04 /* libglfw.3.2.dylib in Frameworks */,
				903D2A631D1F520D00BE4A04 /* OpenGL.framework in Frameworks */,
			);
			runOnlyForDeploymentPostprocessing = 0;
		};
/* End PBXFrameworksBuildPhase section */

/* Begin PBXGroup section */
		9021E5021D4D3EDB0082DB48 /* Ray Tracer Test */ = {
			isa = PBXGroup;
			children = (
				9021E50C1D4D416A0082DB48 /* Lighting */,
				9021E50B1D4D41650082DB48 /* Geometry */,
				9021E50A1D4D415D0082DB48 /* Rendering */,
				9021E5031D4D3EDB0082DB48 /* main.cpp */,
			);
			path = "Ray Tracer Test";
			sourceTree = "<group>";
		};
		9021E50A1D4D415D0082DB48 /* Rendering */ = {
			isa = PBXGroup;
			children = (
			);
			name = Rendering;
			sourceTree = "<group>";
		};
		9021E50B1D4D41650082DB48 /* Geometry */ = {
			isa = PBXGroup;
			children = (
				9021E50D1D4D41940082DB48 /* VectorTest.cpp */,
				9021E5181D4DC4C90082DB48 /* SphereTest.cpp */,
			);
			name = Geometry;
			sourceTree = "<group>";
		};
		9021E50C1D4D416A0082DB48 /* Lighting */ = {
			isa = PBXGroup;
			children = (
				9021E51A1D4E9AF10082DB48 /* LightTest.cpp */,
			);
			name = Lighting;
			sourceTree = "<group>";
		};
		903D29FF1D1F3D3A00BE4A04 = {
			isa = PBXGroup;
			children = (
				9021E5141D4D4AB70082DB48 /* libgtest.a */,
				903D2A691D31BC8D00BE4A04 /* libglfw.3.2.dylib */,
				903D2A5B1D1F3DB000BE4A04 /* OpenGL.framework */,
				903D2A0A1D1F3D3A00BE4A04 /* Ray Tracer */,
				9021E5021D4D3EDB0082DB48 /* Ray Tracer Test */,
				903D2A091D1F3D3A00BE4A04 /* Products */,
			);
			sourceTree = "<group>";
		};
		903D2A091D1F3D3A00BE4A04 /* Products */ = {
			isa = PBXGroup;
			children = (
				903D2A081D1F3D3A00BE4A04 /* Ray Tracer */,
				9021E5011D4D3EDB0082DB48 /* Ray Tracer Test */,
			);
			name = Products;
			sourceTree = "<group>";
		};
		903D2A0A1D1F3D3A00BE4A04 /* Ray Tracer */ = {
			isa = PBXGroup;
			children = (
				903D2A5F1D1F3E4700BE4A04 /* Rendering */,
				903D2A5E1D1F3E1800BE4A04 /* Geometry */,
				903D2A5D1D1F3E0C00BE4A04 /* Lighting */,
				903D2A391D1F3D8C00BE4A04 /* Common.h */,
				903D2A3A1D1F3D8C00BE4A04 /* InputHandler.cpp */,
				903D2A3B1D1F3D8C00BE4A04 /* InputHandler.hpp */,
				903D2A3C1D1F3D8C00BE4A04 /* InputHandlerWrapper.cpp */,
				903D2A3D1D1F3D8C00BE4A04 /* InputHandlerWrapper.hpp */,
				903D2A421D1F3D8C00BE4A04 /* Ray.cpp */,
				903D2A431D1F3D8C00BE4A04 /* Ray.hpp */,
				903D2A471D1F3D8C00BE4A04 /* Scene.cpp */,
				903D2A481D1F3D8C00BE4A04 /* Scene.hpp */,
				903D2A0B1D1F3D3A00BE4A04 /* main.cpp */,
			);
			path = "Ray Tracer";
			sourceTree = "<group>";
		};
		903D2A5D1D1F3E0C00BE4A04 /* Lighting */ = {
			isa = PBXGroup;
			children = (
				903D2A371D1F3D8C00BE4A04 /* Color.cpp */,
				903D2A381D1F3D8C00BE4A04 /* Color.hpp */,
				903D2A401D1F3D8C00BE4A04 /* Material.cpp */,
				903D2A411D1F3D8C00BE4A04 /* Material.hpp */,
				903D2A3E1D1F3D8C00BE4A04 /* Light.cpp */,
				903D2A3F1D1F3D8C00BE4A04 /* Light.hpp */,
			);
			name = Lighting;
			sourceTree = "<group>";
		};
		903D2A5E1D1F3E1800BE4A04 /* Geometry */ = {
			isa = PBXGroup;
			children = (
				903D2A491D1F3D8C00BE4A04 /* Shape.hpp */,
				903D2A4A1D1F3D8C00BE4A04 /* Sphere.cpp */,
				903D2A4B1D1F3D8C00BE4A04 /* Sphere.hpp */,
				903D2A4C1D1F3D8C00BE4A04 /* Vector.cpp */,
				903D2A4D1D1F3D8C00BE4A04 /* Vector.hpp */,
			);
			name = Geometry;
			sourceTree = "<group>";
		};
		903D2A5F1D1F3E4700BE4A04 /* Rendering */ = {
			isa = PBXGroup;
			children = (
				903D2A601D1F3E7900BE4A04 /* Camera.cpp */,
				903D2A611D1F3E7900BE4A04 /* Camera.hpp */,
				903D2A441D1F3D8C00BE4A04 /* Renderer.cpp */,
				903D2A451D1F3D8C00BE4A04 /* Renderer.hpp */,
			);
			name = Rendering;
			sourceTree = "<group>";
		};
/* End PBXGroup section */

/* Begin PBXNativeTarget section */
		9021E5001D4D3EDB0082DB48 /* Ray Tracer Test */ = {
			isa = PBXNativeTarget;
			buildConfigurationList = 9021E5051D4D3EDB0082DB48 /* Build configuration list for PBXNativeTarget "Ray Tracer Test" */;
			buildPhases = (
				9021E4FD1D4D3EDB0082DB48 /* Sources */,
				9021E4FE1D4D3EDB0082DB48 /* Frameworks */,
				9021E4FF1D4D3EDB0082DB48 /* CopyFiles */,
			);
			buildRules = (
			);
			dependencies = (
				9021E5171D4D629D0082DB48 /* PBXTargetDependency */,
			);
			name = "Ray Tracer Test";
			productName = "Ray Tracer Test";
			productReference = 9021E5011D4D3EDB0082DB48 /* Ray Tracer Test */;
			productType = "com.apple.product-type.tool";
		};
		903D2A071D1F3D3A00BE4A04 /* Ray Tracer */ = {
			isa = PBXNativeTarget;
			buildConfigurationList = 903D2A0F1D1F3D3A00BE4A04 /* Build configuration list for PBXNativeTarget "Ray Tracer" */;
			buildPhases = (
				903D2A041D1F3D3A00BE4A04 /* Sources */,
				903D2A051D1F3D3A00BE4A04 /* Frameworks */,
				903D2A061D1F3D3A00BE4A04 /* CopyFiles */,
			);
			buildRules = (
			);
			dependencies = (
			);
			name = "Ray Tracer";
			productName = "Ray Tracer";
			productReference = 903D2A081D1F3D3A00BE4A04 /* Ray Tracer */;
			productType = "com.apple.product-type.tool";
		};
/* End PBXNativeTarget section */

/* Begin PBXProject section */
		903D2A001D1F3D3A00BE4A04 /* Project object */ = {
			isa = PBXProject;
			attributes = {
				LastUpgradeCheck = 0710;
				ORGANIZATIONNAME = "Fuzzy Apps";
				TargetAttributes = {
					9021E5001D4D3EDB0082DB48 = {
						CreatedOnToolsVersion = 7.1.1;
					};
					903D2A071D1F3D3A00BE4A04 = {
						CreatedOnToolsVersion = 7.1.1;
					};
				};
			};
			buildConfigurationList = 903D2A031D1F3D3A00BE4A04 /* Build configuration list for PBXProject "Ray Tracer" */;
			compatibilityVersion = "Xcode 3.2";
			developmentRegion = English;
			hasScannedForEncodings = 0;
			knownRegions = (
				en,
			);
			mainGroup = 903D29FF1D1F3D3A00BE4A04;
			productRefGroup = 903D2A091D1F3D3A00BE4A04 /* Products */;
			projectDirPath = "";
			projectRoot = "";
			targets = (
				903D2A071D1F3D3A00BE4A04 /* Ray Tracer */,
				9021E5001D4D3EDB0082DB48 /* Ray Tracer Test */,
			);
		};
/* End PBXProject section */

/* Begin PBXSourcesBuildPhase section */
		9021E4FD1D4D3EDB0082DB48 /* Sources */ = {
			isa = PBXSourcesBuildPhase;
			buildActionMask = 2147483647;
			files = (
				9021E5231D4E9D7B0082DB48 /* Color.cpp in Sources */,
				9021E5241D4E9D7B0082DB48 /* Color.hpp in Sources */,
				9021E5211D4E9D730082DB48 /* Material.cpp in Sources */,
				9021E5221D4E9D730082DB48 /* Material.hpp in Sources */,
				9021E51E1D4E9D640082DB48 /* Sphere.cpp in Sources */,
				9021E51F1D4E9D640082DB48 /* Vector.cpp in Sources */,
				9021E5201D4E9D640082DB48 /* Ray.cpp in Sources */,
				9021E51C1D4E9D490082DB48 /* Sphere.hpp in Sources */,
				9021E51D1D4E9D490082DB48 /* Ray.hpp in Sources */,
				9021E5121D4D457C0082DB48 /* Vector.hpp in Sources */,
				9021E50F1D4D41940082DB48 /* VectorTest.cpp in Sources */,
				9021E51B1D4E9AF10082DB48 /* LightTest.cpp in Sources */,
				9021E5191D4DC4C90082DB48 /* SphereTest.cpp in Sources */,
				9021E5041D4D3EDB0082DB48 /* main.cpp in Sources */,
			);
			runOnlyForDeploymentPostprocessing = 0;
		};
		903D2A041D1F3D3A00BE4A04 /* Sources */ = {
			isa = PBXSourcesBuildPhase;
			buildActionMask = 2147483647;
			files = (
				903D2A621D1F3E7900BE4A04 /* Camera.cpp in Sources */,
				903D2A511D1F3D8C00BE4A04 /* Light.cpp in Sources */,
				903D2A581D1F3D8C00BE4A04 /* Vector.cpp in Sources */,
				903D2A0C1D1F3D3A00BE4A04 /* main.cpp in Sources */,
				903D2A521D1F3D8C00BE4A04 /* Material.cpp in Sources */,
				903D2A4F1D1F3D8C00BE4A04 /* InputHandler.cpp in Sources */,
				903D2A541D1F3D8C00BE4A04 /* Renderer.cpp in Sources */,
				903D2A531D1F3D8C00BE4A04 /* Ray.cpp in Sources */,
				903D2A571D1F3D8C00BE4A04 /* Sphere.cpp in Sources */,
				903D2A4E1D1F3D8C00BE4A04 /* Color.cpp in Sources */,
				903D2A561D1F3D8C00BE4A04 /* Scene.cpp in Sources */,
				903D2A501D1F3D8C00BE4A04 /* InputHandlerWrapper.cpp in Sources */,
			);
			runOnlyForDeploymentPostprocessing = 0;
		};
/* End PBXSourcesBuildPhase section */

/* Begin PBXTargetDependency section */
		9021E5171D4D629D0082DB48 /* PBXTargetDependency */ = {
			isa = PBXTargetDependency;
			target = 903D2A071D1F3D3A00BE4A04 /* Ray Tracer */;
			targetProxy = 9021E5161D4D629D0082DB48 /* PBXContainerItemProxy */;
		};
/* End PBXTargetDependency section */

/* Begin XCBuildConfiguration section */
		9021E5061D4D3EDB0082DB48 /* Debug */ = {
			isa = XCBuildConfiguration;
			buildSettings = {
				FRAMEWORK_SEARCH_PATHS = (
					"$(inherited)",
					"$(LOCAL_LIBRARY_DIR)/Frameworks",
				);
				HEADER_SEARCH_PATHS = /usr/local/include;
				LIBRARY_SEARCH_PATHS = /usr/local/lib;
				PRODUCT_NAME = "$(TARGET_NAME)";
				USER_HEADER_SEARCH_PATHS = /usr/local/include;
			};
			name = Debug;
		};
		9021E5071D4D3EDB0082DB48 /* Release */ = {
			isa = XCBuildConfiguration;
			buildSettings = {
				FRAMEWORK_SEARCH_PATHS = (
					"$(inherited)",
					"$(LOCAL_LIBRARY_DIR)/Frameworks",
				);
				HEADER_SEARCH_PATHS = /usr/local/include;
				LIBRARY_SEARCH_PATHS = /usr/local/lib;
				PRODUCT_NAME = "$(TARGET_NAME)";
				USER_HEADER_SEARCH_PATHS = /usr/local/include;
			};
			name = Release;
		};
		903D2A0D1D1F3D3A00BE4A04 /* Debug */ = {
			isa = XCBuildConfiguration;
			buildSettings = {
				ALWAYS_SEARCH_USER_PATHS = NO;
				CLANG_CXX_LANGUAGE_STANDARD = "gnu++0x";
				CLANG_CXX_LIBRARY = "libc++";
				CLANG_ENABLE_MODULES = YES;
				CLANG_ENABLE_OBJC_ARC = YES;
				CLANG_WARN_BOOL_CONVERSION = YES;
				CLANG_WARN_CONSTANT_CONVERSION = YES;
				CLANG_WARN_DIRECT_OBJC_ISA_USAGE = YES_ERROR;
				CLANG_WARN_EMPTY_BODY = YES;
				CLANG_WARN_ENUM_CONVERSION = YES;
				CLANG_WARN_INT_CONVERSION = YES;
				CLANG_WARN_OBJC_ROOT_CLASS = YES_ERROR;
				CLANG_WARN_UNREACHABLE_CODE = YES;
				CLANG_WARN__DUPLICATE_METHOD_MATCH = YES;
				CODE_SIGN_IDENTITY = "-";
				COPY_PHASE_STRIP = NO;
				DEBUG_INFORMATION_FORMAT = dwarf;
				ENABLE_STRICT_OBJC_MSGSEND = YES;
				ENABLE_TESTABILITY = YES;
				GCC_C_LANGUAGE_STANDARD = gnu99;
				GCC_DYNAMIC_NO_PIC = NO;
				GCC_NO_COMMON_BLOCKS = YES;
				GCC_OPTIMIZATION_LEVEL = 0;
				GCC_PREPROCESSOR_DEFINITIONS = (
					"DEBUG=1",
					"$(inherited)",
				);
				GCC_WARN_64_TO_32_BIT_CONVERSION = YES;
				GCC_WARN_ABOUT_RETURN_TYPE = YES_ERROR;
				GCC_WARN_UNDECLARED_SELECTOR = YES;
				GCC_WARN_UNINITIALIZED_AUTOS = YES_AGGRESSIVE;
				GCC_WARN_UNUSED_FUNCTION = YES;
				GCC_WARN_UNUSED_VARIABLE = YES;
				MACOSX_DEPLOYMENT_TARGET = 10.11;
				MTL_ENABLE_DEBUG_INFO = YES;
				ONLY_ACTIVE_ARCH = YES;
				SDKROOT = macosx;
			};
			name = Debug;
		};
		903D2A0E1D1F3D3A00BE4A04 /* Release */ = {
			isa = XCBuildConfiguration;
			buildSettings = {
				ALWAYS_SEARCH_USER_PATHS = NO;
				CLANG_CXX_LANGUAGE_STANDARD = "gnu++0x";
				CLANG_CXX_LIBRARY = "libc++";
				CLANG_ENABLE_MODULES = YES;
				CLANG_ENABLE_OBJC_ARC = YES;
				CLANG_WARN_BOOL_CONVERSION = YES;
				CLANG_WARN_CONSTANT_CONVERSION = YES;
				CLANG_WARN_DIRECT_OBJC_ISA_USAGE = YES_ERROR;
				CLANG_WARN_EMPTY_BODY = YES;
				CLANG_WARN_ENUM_CONVERSION = YES;
				CLANG_WARN_INT_CONVERSION = YES;
				CLANG_WARN_OBJC_ROOT_CLASS = YES_ERROR;
				CLANG_WARN_UNREACHABLE_CODE = YES;
				CLANG_WARN__DUPLICATE_METHOD_MATCH = YES;
				CODE_SIGN_IDENTITY = "-";
				COPY_PHASE_STRIP = NO;
				DEBUG_INFORMATION_FORMAT = "dwarf-with-dsym";
				ENABLE_NS_ASSERTIONS = NO;
				ENABLE_STRICT_OBJC_MSGSEND = YES;
				GCC_C_LANGUAGE_STANDARD = gnu99;
				GCC_NO_COMMON_BLOCKS = YES;
				GCC_WARN_64_TO_32_BIT_CONVERSION = YES;
				GCC_WARN_ABOUT_RETURN_TYPE = YES_ERROR;
				GCC_WARN_UNDECLARED_SELECTOR = YES;
				GCC_WARN_UNINITIALIZED_AUTOS = YES_AGGRESSIVE;
				GCC_WARN_UNUSED_FUNCTION = YES;
				GCC_WARN_UNUSED_VARIABLE = YES;
				MACOSX_DEPLOYMENT_TARGET = 10.11;
				MTL_ENABLE_DEBUG_INFO = NO;
				SDKROOT = macosx;
			};
			name = Release;
		};
		903D2A101D1F3D3A00BE4A04 /* Debug */ = {
			isa = XCBuildConfiguration;
			buildSettings = {
				HEADER_SEARCH_PATHS = /usr/local/include;
				LIBRARY_SEARCH_PATHS = /usr/local/lib;
				OTHER_LDFLAGS = "";
				PRODUCT_NAME = "$(TARGET_NAME)";
			};
			name = Debug;
		};
		903D2A111D1F3D3A00BE4A04 /* Release */ = {
			isa = XCBuildConfiguration;
			buildSettings = {
				HEADER_SEARCH_PATHS = /usr/local/include;
				LIBRARY_SEARCH_PATHS = /usr/local/lib;
				OTHER_LDFLAGS = "";
				PRODUCT_NAME = "$(TARGET_NAME)";
			};
			name = Release;
		};
/* End XCBuildConfiguration section */

/* Begin XCConfigurationList section */
		9021E5051D4D3EDB0082DB48 /* Build configuration list for PBXNativeTarget "Ray Tracer Test" */ = {
			isa = XCConfigurationList;
			buildConfigurations = (
				9021E5061D4D3EDB0082DB48 /* Debug */,
				9021E5071D4D3EDB0082DB48 /* Release */,
			);
			defaultConfigurationIsVisible = 0;
		};
		903D2A031D1F3D3A00BE4A04 /* Build configuration list for PBXProject "Ray Tracer" */ = {
			isa = XCConfigurationList;
			buildConfigurations = (
				903D2A0D1D1F3D3A00BE4A04 /* Debug */,
				903D2A0E1D1F3D3A00BE4A04 /* Release */,
			);
			defaultConfigurationIsVisible = 0;
			defaultConfigurationName = Release;
		};
		903D2A0F1D1F3D3A00BE4A04 /* Build configuration list for PBXNativeTarget "Ray Tracer" */ = {
			isa = XCConfigurationList;
			buildConfigurations = (
				903D2A101D1F3D3A00BE4A04 /* Debug */,
				903D2A111D1F3D3A00BE4A04 /* Release */,
			);
			defaultConfigurationIsVisible = 0;
			defaultConfigurationName = Release;
		};
/* End XCConfigurationList section */
	};
	rootObject = 903D2A001D1F3D3A00BE4A04 /* Project object */;
}
